version = 1
requires-python = ">=3.12"

[[package]]
name = "greenlet"
version = "3.1.1"
source = { registry = "https://pypi.org/simple" }
sdist = { url = "https://files.pythonhosted.org/packages/2f/ff/df5fede753cc10f6a5be0931204ea30c35fa2f2ea7a35b25bdaf4fe40e46/greenlet-3.1.1.tar.gz", hash = "sha256:4ce3ac6cdb6adf7946475d7ef31777c26d94bccc377e070a7986bd2d5c515467", size = 186022 }
wheels = [
    { url = "https://files.pythonhosted.org/packages/7d/ec/bad1ac26764d26aa1353216fcbfa4670050f66d445448aafa227f8b16e80/greenlet-3.1.1-cp312-cp312-macosx_11_0_universal2.whl", hash = "sha256:4afe7ea89de619adc868e087b4d2359282058479d7cfb94970adf4b55284574d", size = 274260 },
    { url = "https://files.pythonhosted.org/packages/66/d4/c8c04958870f482459ab5956c2942c4ec35cac7fe245527f1039837c17a9/greenlet-3.1.1-cp312-cp312-manylinux_2_17_aarch64.manylinux2014_aarch64.whl", hash = "sha256:f406b22b7c9a9b4f8aa9d2ab13d6ae0ac3e85c9a809bd590ad53fed2bf70dc79", size = 649064 },
    { url = "https://files.pythonhosted.org/packages/51/41/467b12a8c7c1303d20abcca145db2be4e6cd50a951fa30af48b6ec607581/greenlet-3.1.1-cp312-cp312-manylinux_2_17_ppc64le.manylinux2014_ppc64le.whl", hash = "sha256:c3a701fe5a9695b238503ce5bbe8218e03c3bcccf7e204e455e7462d770268aa", size = 663420 },
    { url = "https://files.pythonhosted.org/packages/27/8f/2a93cd9b1e7107d5c7b3b7816eeadcac2ebcaf6d6513df9abaf0334777f6/greenlet-3.1.1-cp312-cp312-manylinux_2_17_s390x.manylinux2014_s390x.whl", hash = "sha256:2846930c65b47d70b9d178e89c7e1a69c95c1f68ea5aa0a58646b7a96df12441", size = 658035 },
    { url = "https://files.pythonhosted.org/packages/57/5c/7c6f50cb12be092e1dccb2599be5a942c3416dbcfb76efcf54b3f8be4d8d/greenlet-3.1.1-cp312-cp312-manylinux_2_17_x86_64.manylinux2014_x86_64.whl", hash = "sha256:99cfaa2110534e2cf3ba31a7abcac9d328d1d9f1b95beede58294a60348fba36", size = 660105 },
    { url = "https://files.pythonhosted.org/packages/f1/66/033e58a50fd9ec9df00a8671c74f1f3a320564c6415a4ed82a1c651654ba/greenlet-3.1.1-cp312-cp312-manylinux_2_24_x86_64.manylinux_2_28_x86_64.whl", hash = "sha256:1443279c19fca463fc33e65ef2a935a5b09bb90f978beab37729e1c3c6c25fe9", size = 613077 },
    { url = "https://files.pythonhosted.org/packages/19/c5/36384a06f748044d06bdd8776e231fadf92fc896bd12cb1c9f5a1bda9578/greenlet-3.1.1-cp312-cp312-musllinux_1_1_aarch64.whl", hash = "sha256:b7cede291382a78f7bb5f04a529cb18e068dd29e0fb27376074b6d0317bf4dd0", size = 1135975 },
    { url = "https://files.pythonhosted.org/packages/38/f9/c0a0eb61bdf808d23266ecf1d63309f0e1471f284300ce6dac0ae1231881/greenlet-3.1.1-cp312-cp312-musllinux_1_1_x86_64.whl", hash = "sha256:23f20bb60ae298d7d8656c6ec6db134bca379ecefadb0b19ce6f19d1f232a942", size = 1163955 },
    { url = "https://files.pythonhosted.org/packages/43/21/a5d9df1d21514883333fc86584c07c2b49ba7c602e670b174bd73cfc9c7f/greenlet-3.1.1-cp312-cp312-win_amd64.whl", hash = "sha256:7124e16b4c55d417577c2077be379514321916d5790fa287c9ed6f23bd2ffd01", size = 299655 },
    { url = "https://files.pythonhosted.org/packages/f3/57/0db4940cd7bb461365ca8d6fd53e68254c9dbbcc2b452e69d0d41f10a85e/greenlet-3.1.1-cp313-cp313-macosx_11_0_universal2.whl", hash = "sha256:05175c27cb459dcfc05d026c4232f9de8913ed006d42713cb8a5137bd49375f1", size = 272990 },
    { url = "https://files.pythonhosted.org/packages/1c/ec/423d113c9f74e5e402e175b157203e9102feeb7088cee844d735b28ef963/greenlet-3.1.1-cp313-cp313-manylinux_2_17_aarch64.manylinux2014_aarch64.whl", hash = "sha256:935e943ec47c4afab8965954bf49bfa639c05d4ccf9ef6e924188f762145c0ff", size = 649175 },
    { url = "https://files.pythonhosted.org/packages/a9/46/ddbd2db9ff209186b7b7c621d1432e2f21714adc988703dbdd0e65155c77/greenlet-3.1.1-cp313-cp313-manylinux_2_17_ppc64le.manylinux2014_ppc64le.whl", hash = "sha256:667a9706c970cb552ede35aee17339a18e8f2a87a51fba2ed39ceeeb1004798a", size = 663425 },
    { url = "https://files.pythonhosted.org/packages/bc/f9/9c82d6b2b04aa37e38e74f0c429aece5eeb02bab6e3b98e7db89b23d94c6/greenlet-3.1.1-cp313-cp313-manylinux_2_17_s390x.manylinux2014_s390x.whl", hash = "sha256:b8a678974d1f3aa55f6cc34dc480169d58f2e6d8958895d68845fa4ab566509e", size = 657736 },
    { url = "https://files.pythonhosted.org/packages/d9/42/b87bc2a81e3a62c3de2b0d550bf91a86939442b7ff85abb94eec3fc0e6aa/greenlet-3.1.1-cp313-cp313-manylinux_2_17_x86_64.manylinux2014_x86_64.whl", hash = "sha256:efc0f674aa41b92da8c49e0346318c6075d734994c3c4e4430b1c3f853e498e4", size = 660347 },
    { url = "https://files.pythonhosted.org/packages/37/fa/71599c3fd06336cdc3eac52e6871cfebab4d9d70674a9a9e7a482c318e99/greenlet-3.1.1-cp313-cp313-manylinux_2_24_x86_64.manylinux_2_28_x86_64.whl", hash = "sha256:0153404a4bb921f0ff1abeb5ce8a5131da56b953eda6e14b88dc6bbc04d2049e", size = 615583 },
    { url = "https://files.pythonhosted.org/packages/4e/96/e9ef85de031703ee7a4483489b40cf307f93c1824a02e903106f2ea315fe/greenlet-3.1.1-cp313-cp313-musllinux_1_1_aarch64.whl", hash = "sha256:275f72decf9932639c1c6dd1013a1bc266438eb32710016a1c742df5da6e60a1", size = 1133039 },
    { url = "https://files.pythonhosted.org/packages/87/76/b2b6362accd69f2d1889db61a18c94bc743e961e3cab344c2effaa4b4a25/greenlet-3.1.1-cp313-cp313-musllinux_1_1_x86_64.whl", hash = "sha256:c4aab7f6381f38a4b42f269057aee279ab0fc7bf2e929e3d4abfae97b682a12c", size = 1160716 },
    { url = "https://files.pythonhosted.org/packages/1f/1b/54336d876186920e185066d8c3024ad55f21d7cc3683c856127ddb7b13ce/greenlet-3.1.1-cp313-cp313-win_amd64.whl", hash = "sha256:b42703b1cf69f2aa1df7d1030b9d77d3e584a70755674d60e710f0af570f3761", size = 299490 },
    { url = "https://files.pythonhosted.org/packages/5f/17/bea55bf36990e1638a2af5ba10c1640273ef20f627962cf97107f1e5d637/greenlet-3.1.1-cp313-cp313t-manylinux_2_17_aarch64.manylinux2014_aarch64.whl", hash = "sha256:f1695e76146579f8c06c1509c7ce4dfe0706f49c6831a817ac04eebb2fd02011", size = 643731 },
    { url = "https://files.pythonhosted.org/packages/78/d2/aa3d2157f9ab742a08e0fd8f77d4699f37c22adfbfeb0c610a186b5f75e0/greenlet-3.1.1-cp313-cp313t-manylinux_2_17_ppc64le.manylinux2014_ppc64le.whl", hash = "sha256:7876452af029456b3f3549b696bb36a06db7c90747740c5302f74a9e9fa14b13", size = 649304 },
    { url = "https://files.pythonhosted.org/packages/f1/8e/d0aeffe69e53ccff5a28fa86f07ad1d2d2d6537a9506229431a2a02e2f15/greenlet-3.1.1-cp313-cp313t-manylinux_2_17_s390x.manylinux2014_s390x.whl", hash = "sha256:4ead44c85f8ab905852d3de8d86f6f8baf77109f9da589cb4fa142bd3b57b475", size = 646537 },
    { url = "https://files.pythonhosted.org/packages/05/79/e15408220bbb989469c8871062c97c6c9136770657ba779711b90870d867/greenlet-3.1.1-cp313-cp313t-manylinux_2_17_x86_64.manylinux2014_x86_64.whl", hash = "sha256:8320f64b777d00dd7ccdade271eaf0cad6636343293a25074cc5566160e4de7b", size = 642506 },
    { url = "https://files.pythonhosted.org/packages/18/87/470e01a940307796f1d25f8167b551a968540fbe0551c0ebb853cb527dd6/greenlet-3.1.1-cp313-cp313t-manylinux_2_24_x86_64.manylinux_2_28_x86_64.whl", hash = "sha256:6510bf84a6b643dabba74d3049ead221257603a253d0a9873f55f6a59a65f822", size = 602753 },
    { url = "https://files.pythonhosted.org/packages/e2/72/576815ba674eddc3c25028238f74d7b8068902b3968cbe456771b166455e/greenlet-3.1.1-cp313-cp313t-musllinux_1_1_aarch64.whl", hash = "sha256:04b013dc07c96f83134b1e99888e7a79979f1a247e2a9f59697fa14b5862ed01", size = 1122731 },
    { url = "https://files.pythonhosted.org/packages/ac/38/08cc303ddddc4b3d7c628c3039a61a3aae36c241ed01393d00c2fd663473/greenlet-3.1.1-cp313-cp313t-musllinux_1_1_x86_64.whl", hash = "sha256:411f015496fec93c1c8cd4e5238da364e1da7a124bcb293f085bf2860c32c6f6", size = 1142112 },
]

[[package]]
name = "psycopg"
version = "3.2.3"
source = { registry = "https://pypi.org/simple" }
dependencies = [
    { name = "typing-extensions", marker = "python_full_version < '3.13'" },
    { name = "tzdata", marker = "sys_platform == 'win32'" },
]
sdist = { url = "https://files.pythonhosted.org/packages/d1/ad/7ce016ae63e231575df0498d2395d15f005f05e32d3a2d439038e1bd0851/psycopg-3.2.3.tar.gz", hash = "sha256:a5764f67c27bec8bfac85764d23c534af2c27b893550377e37ce59c12aac47a2", size = 155550 }
wheels = [
    { url = "https://files.pythonhosted.org/packages/ce/21/534b8f5bd9734b7a2fcd3a16b1ee82ef6cad81a4796e95ebf4e0c6a24119/psycopg-3.2.3-py3-none-any.whl", hash = "sha256:644d3973fe26908c73d4be746074f6e5224b03c1101d302d9a53bf565ad64907", size = 197934 },
]

[[package]]
name = "psycopg-binary"
version = "3.2.1"
source = { registry = "https://pypi.org/simple" }
wheels = [
    { url = "https://files.pythonhosted.org/packages/50/5d/51d39aafab4384a744d5e927b7867f3dadd8537249e8173e34aaf894db94/psycopg_binary-3.2.1-cp312-cp312-macosx_12_0_x86_64.whl", hash = "sha256:7066d3dca196ed0dc6172f9777b2d62e4f138705886be656cccff2d555234d60", size = 3359766 },
    { url = "https://files.pythonhosted.org/packages/e4/7b/75be686af04e2019b53a9ff22de3aa750db7d34f532e4b949ed15a78b627/psycopg_binary-3.2.1-cp312-cp312-macosx_14_0_arm64.whl", hash = "sha256:28ada5f610468c57d8a4a055a8ea915d0085a43d794266c4f3b9d02f4288f4db", size = 3503325 },
    { url = "https://files.pythonhosted.org/packages/3f/9a/28da916a65fb40fb3e1a97e1ae0a26860d8c1265c6e9766bd6c47abc437b/psycopg_binary-3.2.1-cp312-cp312-manylinux_2_17_aarch64.manylinux2014_aarch64.whl", hash = "sha256:2e8213bf50af073b1aa8dc3cff123bfeedac86332a16c1b7274910bc88a847c7", size = 4443593 },
    { url = "https://files.pythonhosted.org/packages/b0/9a/3dc1237a2ef3344b347af79e1aad2a60277cfafa2846f54cb13e1cd8c528/psycopg_binary-3.2.1-cp312-cp312-manylinux_2_17_i686.manylinux2014_i686.whl", hash = "sha256:74d623261655a169bc84a9669890975c229f2fa6e19a7f2d10a77675dcf1a707", size = 4247005 },
    { url = "https://files.pythonhosted.org/packages/d0/a9/06491cb0338b6f0868d349d2a526586dc165e508b64daa2ff45f9db7ba4b/psycopg_binary-3.2.1-cp312-cp312-manylinux_2_17_ppc64le.manylinux2014_ppc64le.whl", hash = "sha256:42781ba94e8842ee98bca5a7d0c44cc9d067500fedca2d6a90fa3609b6d16b42", size = 4484179 },
    { url = "https://files.pythonhosted.org/packages/4b/5f/b1116467dd18b4efc1aa7f03c96da751724a43c6a630979c61f60a9fbe5f/psycopg_binary-3.2.1-cp312-cp312-manylinux_2_17_x86_64.manylinux2014_x86_64.whl", hash = "sha256:33e6669091d09f8ba36e10ce678a6d9916e110446236a9b92346464a3565635e", size = 4186490 },
    { url = "https://files.pythonhosted.org/packages/a4/87/6092d1701d36c5aeb74c35cb54266fd44ee0f7711cafa4c0bffd873bdb61/psycopg_binary-3.2.1-cp312-cp312-musllinux_1_2_aarch64.whl", hash = "sha256:b09e8a576a2ac69d695032ee76f31e03b30781828b5dd6d18c6a009e5a3d1c35", size = 3109385 },
    { url = "https://files.pythonhosted.org/packages/62/61/4ad7e29d09202478b6f568fff19efa978a4f2c25cb5efcd73544a4ee8be7/psycopg_binary-3.2.1-cp312-cp312-musllinux_1_2_i686.whl", hash = "sha256:8f28ff0cb9f1defdc4a6f8c958bf6787274247e7dfeca811f6e2f56602695fb1", size = 3094397 },
    { url = "https://files.pythonhosted.org/packages/b7/dd/0ae42c64bf524d1fcf9bf861ab09d331e693ae00e527ba08131b2d3729a3/psycopg_binary-3.2.1-cp312-cp312-musllinux_1_2_ppc64le.whl", hash = "sha256:4c84fcac8a3a3479ac14673095cc4e1fdba2935499f72c436785ac679bec0d1a", size = 3184097 },
    { url = "https://files.pythonhosted.org/packages/dd/f0/09329ebb0cd03e2ee5786fc9914ac904f4965b78627f15826f8258fde734/psycopg_binary-3.2.1-cp312-cp312-musllinux_1_2_x86_64.whl", hash = "sha256:950fd666ec9e9fe6a8eeb2b5a8f17301790e518953730ad44d715b59ffdbc67f", size = 3228517 },
    { url = "https://files.pythonhosted.org/packages/60/2f/979228189adbeb59afce626f1e7c3bf73cc7ff94217099a2ddfd6fd132ff/psycopg_binary-3.2.1-cp312-cp312-win_amd64.whl", hash = "sha256:334046a937bb086c36e2c6889fe327f9f29bfc085d678f70fac0b0618949f674", size = 2911959 },
]

[[package]]
name = "randomencounters"
version = "0.1.0"
source = { virtual = "." }
dependencies = [
    { name = "psycopg" },
    { name = "psycopg-binary" },
    { name = "sqlalchemy" },
]

[package.metadata]
requires-dist = [
    { name = "psycopg", specifier = ">=3.2.3" },
    { name = "psycopg-binary", specifier = "==3.2.1" },
    { name = "sqlalchemy", specifier = "==2.0.34" },
]

[[package]]
name = "sqlalchemy"
version = "2.0.34"
source = { registry = "https://pypi.org/simple" }
dependencies = [
    { name = "greenlet", marker = "(python_full_version < '3.13' and platform_machine == 'AMD64') or (python_full_version < '3.13' and platform_machine == 'WIN32') or (python_full_version < '3.13' and platform_machine == 'aarch64') or (python_full_version < '3.13' and platform_machine == 'amd64') or (python_full_version < '3.13' and platform_machine == 'ppc64le') or (python_full_version < '3.13' and platform_machine == 'win32') or (python_full_version < '3.13' and platform_machine == 'x86_64')" },
    { name = "typing-extensions" },
]
sdist = { url = "https://files.pythonhosted.org/packages/90/fa/ca0fdd7b6b0cf53a8237a8ee7e487f8be16e4a2ee6d840d6e8e105cd9c86/sqlalchemy-2.0.34.tar.gz", hash = "sha256:10d8f36990dd929690666679b0f42235c159a7051534adb135728ee52828dd22", size = 9556527 }
wheels = [
    { url = "https://files.pythonhosted.org/packages/f9/76/62eb5c62593d6d351f17202aa532f17b91c51b1b04e24a3a97530cb6118e/SQLAlchemy-2.0.34-cp312-cp312-macosx_10_9_x86_64.whl", hash = "sha256:53e68b091492c8ed2bd0141e00ad3089bcc6bf0e6ec4142ad6505b4afe64163e", size = 2089191 },
    { url = "https://files.pythonhosted.org/packages/8a/7c/d43a14aef45bcb196f017ba2783eb3e42dd4c65c43be8b9f29bb5ec7d131/SQLAlchemy-2.0.34-cp312-cp312-macosx_11_0_arm64.whl", hash = "sha256:bcd18441a49499bf5528deaa9dee1f5c01ca491fc2791b13604e8f972877f812", size = 2079662 },
    { url = "https://files.pythonhosted.org/packages/b7/25/ec59e5d3643d49d57ae59a62b6e5b3da39344617ce249f2561bfb4ac0458/SQLAlchemy-2.0.34-cp312-cp312-manylinux_2_17_aarch64.manylinux2014_aarch64.whl", hash = "sha256:165bbe0b376541092bf49542bd9827b048357f4623486096fc9aaa6d4e7c59a2", size = 3229161 },
    { url = "https://files.pythonhosted.org/packages/fd/2e/e6129761dd5588a5623c6051c31e45935b72a5b17ed87b209e39a0b2a25c/SQLAlchemy-2.0.34-cp312-cp312-manylinux_2_17_x86_64.manylinux2014_x86_64.whl", hash = "sha256:c3330415cd387d2b88600e8e26b510d0370db9b7eaf984354a43e19c40df2e2b", size = 3240054 },
    { url = "https://files.pythonhosted.org/packages/70/08/4f994445215d7932bf2a490570fef9a5d1ba42cdf1cc9c48a6f7f04d1cfc/SQLAlchemy-2.0.34-cp312-cp312-musllinux_1_2_aarch64.whl", hash = "sha256:97b850f73f8abbffb66ccbab6e55a195a0eb655e5dc74624d15cff4bfb35bd74", size = 3175538 },
    { url = "https://files.pythonhosted.org/packages/5e/19/4d4cc024cd7d50e25bf1c1ba61974b2b6e2fab8ea22f1569c47380b34e95/SQLAlchemy-2.0.34-cp312-cp312-musllinux_1_2_x86_64.whl", hash = "sha256:7cee4c6917857fd6121ed84f56d1dc78eb1d0e87f845ab5a568aba73e78adf83", size = 3202149 },
    { url = "https://files.pythonhosted.org/packages/87/02/7ada4b6bfd5421aa7d65bd0ee9d76acc15b53ae26378b2ab8bba1ba3f78f/SQLAlchemy-2.0.34-cp312-cp312-win32.whl", hash = "sha256:fbb034f565ecbe6c530dff948239377ba859420d146d5f62f0271407ffb8c580", size = 2059547 },
    { url = "https://files.pythonhosted.org/packages/ad/fc/d1315ddb8529c768789954350268cd53167747649ddb709517c5e0a15c7e/SQLAlchemy-2.0.34-cp312-cp312-win_amd64.whl", hash = "sha256:707c8f44931a4facd4149b52b75b80544a8d824162602b8cd2fe788207307f9a", size = 2085274 },
    { url = "https://files.pythonhosted.org/packages/09/14/5c9b872fba29ccedeb905d0a5c203ad86287b8bb1bb8eda96bfe8a05f65b/SQLAlchemy-2.0.34-py3-none-any.whl", hash = "sha256:7286c353ee6475613d8beff83167374006c6b3e3f0e6491bfe8ca610eb1dec0f", size = 1880671 },
]

[[package]]
name = "typing-extensions"
version = "4.12.2"
source = { registry = "https://pypi.org/simple" }
sdist = { url = "https://files.pythonhosted.org/packages/df/db/f35a00659bc03fec321ba8bce9420de607a1d37f8342eee1863174c69557/typing_extensions-4.12.2.tar.gz", hash = "sha256:1a7ead55c7e559dd4dee8856e3a88b41225abfe1ce8df57b7c13915fe121ffb8", size = 85321 }
wheels = [
    { url = "https://files.pythonhosted.org/packages/26/9f/ad63fc0248c5379346306f8668cda6e2e2e9c95e01216d2b8ffd9ff037d0/typing_extensions-4.12.2-py3-none-any.whl", hash = "sha256:04e5ca0351e0f3f85c6853954072df659d0d13fac324d0072316b67d7794700d", size = 37438 },
]

[[package]]
name = "tzdata"
version = "2024.2"
source = { registry = "https://pypi.org/simple" }
sdist = { url = "https://files.pythonhosted.org/packages/e1/34/943888654477a574a86a98e9896bae89c7aa15078ec29f490fef2f1e5384/tzdata-2024.2.tar.gz", hash = "sha256:7d85cc416e9382e69095b7bdf4afd9e3880418a2413feec7069d533d6b4e31cc", size = 193282 }
wheels = [
    { url = "https://files.pythonhosted.org/packages/a6/ab/7e5f53c3b9d14972843a647d8d7a853969a58aecc7559cb3267302c94774/tzdata-2024.2-py2.py3-none-any.whl", hash = "sha256:a48093786cdcde33cad18c2555e8532f34422074448fbc874186f0abd79565cd", size = 346586 },
]
